
Microsoft Visual Studio Solution File, Format Version 12.00
# Visual Studio Version 17
VisualStudioVersion = 17.14.37203.1 d17.14
MinimumVisualStudioVersion = 10.0.40219.1
Project("{2150E333-8FDC-42A3-9474-1A3956D46DE8}") = "src", "src", "{02EA681E-C7D8-13C7-8484-4AC65E1B71E8}"
EndProject
Project("{FAE04EC0-301F-11D3-BF4B-00C04F79EFBC}") = "DesignPatterns.Course", "src\DesignPatterns.Course\DesignPatterns.Course.csproj", "{8A448F95-1B84-4B6B-A863-DC05A13C55F0}"
EndProject
Global
	GlobalSection(SolutionConfigurationPlatforms) = preSolution
		Debug|Any CPU = Debug|Any CPU
		Release|Any CPU = Release|Any CPU
	EndGlobalSection
	GlobalSection(ProjectConfigurationPlatforms) = postSolution
		{8A448F95-1B84-4B6B-A863-DC05A13C55F0}.Debug|Any CPU.ActiveCfg = Debug|Any CPU
		{8A448F95-1B84-4B6B-A863-DC05A13C55F0}.Debug|Any CPU.Build.0 = Debug|Any CPU
		{8A448F95-1B84-4B6B-A863-DC05A13C55F0}.Release|Any CPU.ActiveCfg = Release|Any CPU
		{8A448F95-1B84-4B6B-A863-DC05A13C55F0}.Release|Any CPU.Build.0 = Release|Any CPU
	EndGlobalSection
	GlobalSection(SolutionProperties) = preSolution
		HideSolutionNode = FALSE
	EndGlobalSection
	GlobalSection(NestedProjects) = preSolution
		{8A448F95-1B84-4B6B-A863-DC05A13C55F0} = {02EA681E-C7D8-13C7-8484-4AC65E1B71E8}
	EndGlobalSection
	GlobalSection(ExtensibilityGlobals) = postSolution
		SolutionGuid = {760C9634-CE37-4E07-89B3-D0C6CCDFA125}
	EndGlobalSection
EndGlobal
